
Microsoft Visual Studio Solution File, Format Version 12.00
# Visual Studio 15
VisualStudioVersion = 15.0.26430.14
MinimumVisualStudioVersion = 10.0.40219.1
Project("{FAE04EC0-301F-11D3-BF4B-00C04F79EFBC}") = "WebShop.Web", "WebShop.Web\WebShop.Web.csproj", "{4D5C14AC-DDB7-456A-8C30-670401996E7F}"
EndProject
Project("{FAE04EC0-301F-11D3-BF4B-00C04F79EFBC}") = "WebShop.Web.Tests", "WebShop.Web.Tests\WebShop.Web.Tests.csproj", "{044F4858-6E46-49DD-A03D-4619CC7F0213}"
EndProject
Project("{9A19103F-16F7-4668-BE54-9A1E7A4F7556}") = "WebShop.Domain", "WebShop.Domain\WebShop.Domain.csproj", "{4E03EB83-87FB-4933-89C4-7E9F28B1464E}"
EndProject
Project("{FAE04EC0-301F-11D3-BF4B-00C04F79EFBC}") = "WebShop.Domain.Tests", "WebShop.Domain.Tests\WebShop.Domain.Tests.csproj", "{4533BDB3-16F8-4AA8-94A8-994D89CEC600}"
EndProject
Project("{00D1A9C2-B5F0-4AF3-8072-F6C62B433612}") = "WebShop.Db", "WebShop.Db\WebShop.Db.sqlproj", "{2B1917D4-FABB-482B-ACBE-D157E100715C}"
EndProject
Global
	GlobalSection(SolutionConfigurationPlatforms) = preSolution
		Debug|Any CPU = Debug|Any CPU
		Release|Any CPU = Release|Any CPU
	EndGlobalSection
	GlobalSection(ProjectConfigurationPlatforms) = postSolution
		{4D5C14AC-DDB7-456A-8C30-670401996E7F}.Debug|Any CPU.ActiveCfg = Debug|Any CPU
		{4D5C14AC-DDB7-456A-8C30-670401996E7F}.Debug|Any CPU.Build.0 = Debug|Any CPU
		{4D5C14AC-DDB7-456A-8C30-670401996E7F}.Release|Any CPU.ActiveCfg = Release|Any CPU
		{4D5C14AC-DDB7-456A-8C30-670401996E7F}.Release|Any CPU.Build.0 = Release|Any CPU
		{044F4858-6E46-49DD-A03D-4619CC7F0213}.Debug|Any CPU.ActiveCfg = Debug|Any CPU
		{044F4858-6E46-49DD-A03D-4619CC7F0213}.Debug|Any CPU.Build.0 = Debug|Any CPU
		{044F4858-6E46-49DD-A03D-4619CC7F0213}.Release|Any CPU.ActiveCfg = Release|Any CPU
		{044F4858-6E46-49DD-A03D-4619CC7F0213}.Release|Any CPU.Build.0 = Release|Any CPU
		{4E03EB83-87FB-4933-89C4-7E9F28B1464E}.Debug|Any CPU.ActiveCfg = Debug|Any CPU
		{4E03EB83-87FB-4933-89C4-7E9F28B1464E}.Debug|Any CPU.Build.0 = Debug|Any CPU
		{4E03EB83-87FB-4933-89C4-7E9F28B1464E}.Release|Any CPU.ActiveCfg = Release|Any CPU
		{4E03EB83-87FB-4933-89C4-7E9F28B1464E}.Release|Any CPU.Build.0 = Release|Any CPU
		{4533BDB3-16F8-4AA8-94A8-994D89CEC600}.Debug|Any CPU.ActiveCfg = Debug|Any CPU
		{4533BDB3-16F8-4AA8-94A8-994D89CEC600}.Debug|Any CPU.Build.0 = Debug|Any CPU
		{4533BDB3-16F8-4AA8-94A8-994D89CEC600}.Release|Any CPU.ActiveCfg = Release|Any CPU
		{4533BDB3-16F8-4AA8-94A8-994D89CEC600}.Release|Any CPU.Build.0 = Release|Any CPU
		{2B1917D4-FABB-482B-ACBE-D157E100715C}.Debug|Any CPU.ActiveCfg = Debug|Any CPU
		{2B1917D4-FABB-482B-ACBE-D157E100715C}.Debug|Any CPU.Build.0 = Debug|Any CPU
		{2B1917D4-FABB-482B-ACBE-D157E100715C}.Debug|Any CPU.Deploy.0 = Debug|Any CPU
		{2B1917D4-FABB-482B-ACBE-D157E100715C}.Release|Any CPU.ActiveCfg = Release|Any CPU
		{2B1917D4-FABB-482B-ACBE-D157E100715C}.Release|Any CPU.Build.0 = Release|Any CPU
		{2B1917D4-FABB-482B-ACBE-D157E100715C}.Release|Any CPU.Deploy.0 = Release|Any CPU
	EndGlobalSection
	GlobalSection(SolutionProperties) = preSolution
		HideSolutionNode = FALSE
	EndGlobalSection
EndGlobal
